
Microsoft Visual Studio Solution File, Format Version 12.00
# Visual Studio Version 17
VisualStudioVersion = 17.11.35303.130
MinimumVisualStudioVersion = 10.0.40219.1
Project("{E24C65DC-7377-472B-9ABA-BC803B73C61A}") = "Ass2Q2", ".", "{1681D369-0B4A-4791-921F-40D2203A122D}"
	ProjectSection(WebsiteProperties) = preProject
		TargetFrameworkMoniker = ".NETFramework,Version%3Dv4.7.2"
		Debug.AspNetCompiler.VirtualPath = "/localhost_53710"
		Debug.AspNetCompiler.PhysicalPath = "..\Ass2Q2\"
		Debug.AspNetCompiler.TargetPath = "PrecompiledWeb\localhost_53710\"
		Debug.AspNetCompiler.Updateable = "true"
		Debug.AspNetCompiler.ForceOverwrite = "true"
		Debug.AspNetCompiler.FixedNames = "false"
		Debug.AspNetCompiler.Debug = "True"
		Release.AspNetCompiler.VirtualPath = "/localhost_53710"
		Release.AspNetCompiler.PhysicalPath = "..\Ass2Q2\"
		Release.AspNetCompiler.TargetPath = "PrecompiledWeb\localhost_53710\"
		Release.AspNetCompiler.Updateable = "true"
		Release.AspNetCompiler.ForceOverwrite = "true"
		Release.AspNetCompiler.FixedNames = "false"
		Release.AspNetCompiler.Debug = "False"
		VWDPort = "53710"
		SlnRelativePath = "..\Ass2Q2\"
		DefaultWebSiteLanguage = "Visual C#"
	EndProjectSection
EndProject
Global
	GlobalSection(SolutionConfigurationPlatforms) = preSolution
		Debug|Any CPU = Debug|Any CPU
	EndGlobalSection
	GlobalSection(ProjectConfigurationPlatforms) = postSolution
		{1681D369-0B4A-4791-921F-40D2203A122D}.Debug|Any CPU.ActiveCfg = Debug|Any CPU
		{1681D369-0B4A-4791-921F-40D2203A122D}.Debug|Any CPU.Build.0 = Debug|Any CPU
	EndGlobalSection
	GlobalSection(SolutionProperties) = preSolution
		HideSolutionNode = FALSE
	EndGlobalSection
	GlobalSection(ExtensibilityGlobals) = postSolution
		SolutionGuid = {2A10489C-D597-4D99-B162-C2C19E803CF6}
	EndGlobalSection
EndGlobal
